// !$*UTF8*$!
{
	archiveVersion = 1;
	classes = {
	};
	objectVersion = 46;
	objects = {

/* Begin PBXBuildFile section */
		2E244A6E1AD3CC3E00C11BDD /* BKStreamIOS.h in CopyFiles */ = {isa = PBXBuildFile; fileRef = 2E244A6D1AD3CC3E00C11BDD /* BKStreamIOS.h */; };
		2E244A701AD3CC3E00C11BDD /* BKStreamIOS.m in Sources */ = {isa = PBXBuildFile; fileRef = 2E244A6F1AD3CC3E00C11BDD /* BKStreamIOS.m */; };
		2E29EBC91AD3CCE1000FFBEB /* BKStream.m in Sources */ = {isa = PBXBuildFile; fileRef = 2E244A521AD3CBC300C11BDD /* BKStream.m */; };
		2E29EBCA1AD3CCE2000FFBEB /* BKStream.m in Sources */ = {isa = PBXBuildFile; fileRef = 2E244A521AD3CBC300C11BDD /* BKStream.m */; };
		2E29EBDF1AD4D2BE000FFBEB /* BKStreamTests.m in Sources */ = {isa = PBXBuildFile; fileRef = 2E29EBDE1AD4D2BE000FFBEB /* BKStreamTests.m */; };
		2E29EBE31AD4D2FA000FFBEB /* BKStream.m in Sources */ = {isa = PBXBuildFile; fileRef = 2E244A521AD3CBC300C11BDD /* BKStream.m */; };
		2E5FAC9C1AD4D43400E3C771 /* BKStreamUtils.h in Headers */ = {isa = PBXBuildFile; fileRef = 2E5FAC9A1AD4D43400E3C771 /* BKStreamUtils.h */; };
		2E5FAC9D1AD4D43400E3C771 /* BKStreamUtils.m in Sources */ = {isa = PBXBuildFile; fileRef = 2E5FAC9B1AD4D43400E3C771 /* BKStreamUtils.m */; };
		2E5FAC9E1AD4D43400E3C771 /* BKStreamUtils.m in Sources */ = {isa = PBXBuildFile; fileRef = 2E5FAC9B1AD4D43400E3C771 /* BKStreamUtils.m */; };
		2E5FAC9F1AD4D43400E3C771 /* BKStreamUtils.m in Sources */ = {isa = PBXBuildFile; fileRef = 2E5FAC9B1AD4D43400E3C771 /* BKStreamUtils.m */; };
		2E5FACA11AD4D50000E3C771 /* BKStreamUtilsTests.m in Sources */ = {isa = PBXBuildFile; fileRef = 2E5FACA01AD4D50000E3C771 /* BKStreamUtilsTests.m */; };
		2EFC6AA31AD3CCAE00F0FA8E /* BKStreamOSX.h in Headers */ = {isa = PBXBuildFile; fileRef = 2EFC6AA21AD3CCAE00F0FA8E /* BKStreamOSX.h */; };
		2EFC6AA51AD3CCAE00F0FA8E /* BKStreamOSX.m in Sources */ = {isa = PBXBuildFile; fileRef = 2EFC6AA41AD3CCAE00F0FA8E /* BKStreamOSX.m */; };
/* End PBXBuildFile section */

/* Begin PBXCopyFilesBuildPhase section */
		2E244A691AD3CC3E00C11BDD /* CopyFiles */ = {
			isa = PBXCopyFilesBuildPhase;
			buildActionMask = 2147483647;
			dstPath = "include/$(PRODUCT_NAME)";
			dstSubfolderSpec = 16;
			files = (
				2E244A6E1AD3CC3E00C11BDD /* BKStreamIOS.h in CopyFiles */,
			);
			runOnlyForDeploymentPostprocessing = 0;
		};
/* End PBXCopyFilesBuildPhase section */

/* Begin PBXFileReference section */
		2E244A501AD3CBC300C11BDD /* BKStream.h */ = {isa = PBXFileReference; lastKnownFileType = sourcecode.c.h; path = BKStream.h; sourceTree = "<group>"; };
		2E244A521AD3CBC300C11BDD /* BKStream.m */ = {isa = PBXFileReference; lastKnownFileType = sourcecode.c.objc; path = BKStream.m; sourceTree = "<group>"; };
		2E244A6B1AD3CC3E00C11BDD /* libBKStreamIOS.a */ = {isa = PBXFileReference; explicitFileType = archive.ar; includeInIndex = 0; path = libBKStreamIOS.a; sourceTree = BUILT_PRODUCTS_DIR; };
		2E244A6D1AD3CC3E00C11BDD /* BKStreamIOS.h */ = {isa = PBXFileReference; lastKnownFileType = sourcecode.c.h; path = BKStreamIOS.h; sourceTree = "<group>"; };
		2E244A6F1AD3CC3E00C11BDD /* BKStreamIOS.m */ = {isa = PBXFileReference; lastKnownFileType = sourcecode.c.objc; path = BKStreamIOS.m; sourceTree = "<group>"; };
		2E29EBDA1AD4D2BE000FFBEB /* BKStreamTests.xctest */ = {isa = PBXFileReference; explicitFileType = wrapper.cfbundle; includeInIndex = 0; path = BKStreamTests.xctest; sourceTree = BUILT_PRODUCTS_DIR; };
		2E29EBDD1AD4D2BE000FFBEB /* Info.plist */ = {isa = PBXFileReference; lastKnownFileType = text.plist.xml; path = Info.plist; sourceTree = "<group>"; };
		2E29EBDE1AD4D2BE000FFBEB /* BKStreamTests.m */ = {isa = PBXFileReference; lastKnownFileType = sourcecode.c.objc; path = BKStreamTests.m; sourceTree = "<group>"; };
		2E5FAC9A1AD4D43400E3C771 /* BKStreamUtils.h */ = {isa = PBXFileReference; fileEncoding = 4; lastKnownFileType = sourcecode.c.h; path = BKStreamUtils.h; sourceTree = "<group>"; };
		2E5FAC9B1AD4D43400E3C771 /* BKStreamUtils.m */ = {isa = PBXFileReference; fileEncoding = 4; lastKnownFileType = sourcecode.c.objc; path = BKStreamUtils.m; sourceTree = "<group>"; };
		2E5FACA01AD4D50000E3C771 /* BKStreamUtilsTests.m */ = {isa = PBXFileReference; fileEncoding = 4; lastKnownFileType = sourcecode.c.objc; path = BKStreamUtilsTests.m; sourceTree = "<group>"; };
		2EFC6AA01AD3CCAE00F0FA8E /* libBKStreamOSX.a */ = {isa = PBXFileReference; explicitFileType = archive.ar; includeInIndex = 0; path = libBKStreamOSX.a; sourceTree = BUILT_PRODUCTS_DIR; };
		2EFC6AA21AD3CCAE00F0FA8E /* BKStreamOSX.h */ = {isa = PBXFileReference; lastKnownFileType = sourcecode.c.h; path = BKStreamOSX.h; sourceTree = "<group>"; };
		2EFC6AA41AD3CCAE00F0FA8E /* BKStreamOSX.m */ = {isa = PBXFileReference; lastKnownFileType = sourcecode.c.objc; path = BKStreamOSX.m; sourceTree = "<group>"; };
/* End PBXFileReference section */

/* Begin PBXFrameworksBuildPhase section */
		2E244A681AD3CC3E00C11BDD /* Frameworks */ = {
			isa = PBXFrameworksBuildPhase;
			buildActionMask = 2147483647;
			files = (
			);
			runOnlyForDeploymentPostprocessing = 0;
		};
		2E29EBD71AD4D2BE000FFBEB /* Frameworks */ = {
			isa = PBXFrameworksBuildPhase;
			buildActionMask = 2147483647;
			files = (
			);
			runOnlyForDeploymentPostprocessing = 0;
		};
		2EFC6A9D1AD3CCAE00F0FA8E /* Frameworks */ = {
			isa = PBXFrameworksBuildPhase;
			buildActionMask = 2147483647;
			files = (
			);
			runOnlyForDeploymentPostprocessing = 0;
		};
/* End PBXFrameworksBuildPhase section */

/* Begin PBXGroup section */
		2E244A441AD3CBC300C11BDD = {
			isa = PBXGroup;
			children = (
				2E244A4F1AD3CBC300C11BDD /* BKStream */,
				2E244A6C1AD3CC3E00C11BDD /* BKStreamIOS */,
				2EFC6AA11AD3CCAE00F0FA8E /* BKStreamOSX */,
				2E29EBDB1AD4D2BE000FFBEB /* BKStreamTests */,
				2E244A4E1AD3CBC300C11BDD /* Products */,
			);
			sourceTree = "<group>";
		};
		2E244A4E1AD3CBC300C11BDD /* Products */ = {
			isa = PBXGroup;
			children = (
				2E244A6B1AD3CC3E00C11BDD /* libBKStreamIOS.a */,
				2EFC6AA01AD3CCAE00F0FA8E /* libBKStreamOSX.a */,
				2E29EBDA1AD4D2BE000FFBEB /* BKStreamTests.xctest */,
			);
			name = Products;
			sourceTree = "<group>";
		};
		2E244A4F1AD3CBC300C11BDD /* BKStream */ = {
			isa = PBXGroup;
			children = (
				2E5FAC9A1AD4D43400E3C771 /* BKStreamUtils.h */,
				2E5FAC9B1AD4D43400E3C771 /* BKStreamUtils.m */,
				2E244A501AD3CBC300C11BDD /* BKStream.h */,
				2E244A521AD3CBC300C11BDD /* BKStream.m */,
			);
			path = BKStream;
			sourceTree = "<group>";
		};
		2E244A6C1AD3CC3E00C11BDD /* BKStreamIOS */ = {
			isa = PBXGroup;
			children = (
				2E244A6D1AD3CC3E00C11BDD /* BKStreamIOS.h */,
				2E244A6F1AD3CC3E00C11BDD /* BKStreamIOS.m */,
			);
			path = BKStreamIOS;
			sourceTree = "<group>";
		};
		2E29EBDB1AD4D2BE000FFBEB /* BKStreamTests */ = {
			isa = PBXGroup;
			children = (
				2E29EBDE1AD4D2BE000FFBEB /* BKStreamTests.m */,
				2E5FACA01AD4D50000E3C771 /* BKStreamUtilsTests.m */,
				2E29EBDC1AD4D2BE000FFBEB /* Supporting Files */,
			);
			path = BKStreamTests;
			sourceTree = "<group>";
		};
		2E29EBDC1AD4D2BE000FFBEB /* Supporting Files */ = {
			isa = PBXGroup;
			children = (
				2E29EBDD1AD4D2BE000FFBEB /* Info.plist */,
			);
			name = "Supporting Files";
			sourceTree = "<group>";
		};
		2EFC6AA11AD3CCAE00F0FA8E /* BKStreamOSX */ = {
			isa = PBXGroup;
			children = (
				2EFC6AA21AD3CCAE00F0FA8E /* BKStreamOSX.h */,
				2EFC6AA41AD3CCAE00F0FA8E /* BKStreamOSX.m */,
			);
			path = BKStreamOSX;
			sourceTree = "<group>";
		};
/* End PBXGroup section */

/* Begin PBXHeadersBuildPhase section */
		2EFC6A9E1AD3CCAE00F0FA8E /* Headers */ = {
			isa = PBXHeadersBuildPhase;
			buildActionMask = 2147483647;
			files = (
				2EFC6AA31AD3CCAE00F0FA8E /* BKStreamOSX.h in Headers */,
				2E5FAC9C1AD4D43400E3C771 /* BKStreamUtils.h in Headers */,
			);
			runOnlyForDeploymentPostprocessing = 0;
		};
/* End PBXHeadersBuildPhase section */

/* Begin PBXNativeTarget section */
		2E244A6A1AD3CC3E00C11BDD /* BKStreamIOS */ = {
			isa = PBXNativeTarget;
			buildConfigurationList = 2E244A7C1AD3CC3E00C11BDD /* Build configuration list for PBXNativeTarget "BKStreamIOS" */;
			buildPhases = (
				2E244A671AD3CC3E00C11BDD /* Sources */,
				2E244A681AD3CC3E00C11BDD /* Frameworks */,
				2E244A691AD3CC3E00C11BDD /* CopyFiles */,
			);
			buildRules = (
			);
			dependencies = (
			);
			name = BKStreamIOS;
			productName = BKStreamIOS;
			productReference = 2E244A6B1AD3CC3E00C11BDD /* libBKStreamIOS.a */;
			productType = "com.apple.product-type.library.static";
		};
		2E29EBD91AD4D2BE000FFBEB /* BKStreamTests */ = {
			isa = PBXNativeTarget;
			buildConfigurationList = 2E29EBE01AD4D2BE000FFBEB /* Build configuration list for PBXNativeTarget "BKStreamTests" */;
			buildPhases = (
				2E29EBD61AD4D2BE000FFBEB /* Sources */,
				2E29EBD71AD4D2BE000FFBEB /* Frameworks */,
				2E29EBD81AD4D2BE000FFBEB /* Resources */,
			);
			buildRules = (
			);
			dependencies = (
			);
			name = BKStreamTests;
			productName = BKStreamTests;
			productReference = 2E29EBDA1AD4D2BE000FFBEB /* BKStreamTests.xctest */;
			productType = "com.apple.product-type.bundle.unit-test";
		};
		2EFC6A9F1AD3CCAE00F0FA8E /* BKStreamOSX */ = {
			isa = PBXNativeTarget;
			buildConfigurationList = 2EFC6AB11AD3CCAE00F0FA8E /* Build configuration list for PBXNativeTarget "BKStreamOSX" */;
			buildPhases = (
				2EFC6A9C1AD3CCAE00F0FA8E /* Sources */,
				2EFC6A9D1AD3CCAE00F0FA8E /* Frameworks */,
				2EFC6A9E1AD3CCAE00F0FA8E /* Headers */,
			);
			buildRules = (
			);
			dependencies = (
			);
			name = BKStreamOSX;
			productName = BKStreamOSX;
			productReference = 2EFC6AA01AD3CCAE00F0FA8E /* libBKStreamOSX.a */;
			productType = "com.apple.product-type.library.static";
		};
/* End PBXNativeTarget section */

/* Begin PBXProject section */
		2E244A451AD3CBC300C11BDD /* Project object */ = {
			isa = PBXProject;
			attributes = {
				CLASSPREFIX = BK;
				LastUpgradeCheck = 0620;
				ORGANIZATIONNAME = bearkode;
				TargetAttributes = {
					2E244A6A1AD3CC3E00C11BDD = {
						CreatedOnToolsVersion = 6.2;
					};
					2E29EBD91AD4D2BE000FFBEB = {
						CreatedOnToolsVersion = 6.2;
					};
					2EFC6A9F1AD3CCAE00F0FA8E = {
						CreatedOnToolsVersion = 6.2;
					};
				};
			};
			buildConfigurationList = 2E244A481AD3CBC300C11BDD /* Build configuration list for PBXProject "BKStream" */;
			compatibilityVersion = "Xcode 3.2";
			developmentRegion = English;
			hasScannedForEncodings = 0;
			knownRegions = (
				en,
			);
			mainGroup = 2E244A441AD3CBC300C11BDD;
			productRefGroup = 2E244A4E1AD3CBC300C11BDD /* Products */;
			projectDirPath = "";
			projectRoot = "";
			targets = (
				2E244A6A1AD3CC3E00C11BDD /* BKStreamIOS */,
				2EFC6A9F1AD3CCAE00F0FA8E /* BKStreamOSX */,
				2E29EBD91AD4D2BE000FFBEB /* BKStreamTests */,
			);
		};
/* End PBXProject section */

/* Begin PBXResourcesBuildPhase section */
		2E29EBD81AD4D2BE000FFBEB /* Resources */ = {
			isa = PBXResourcesBuildPhase;
			buildActionMask = 2147483647;
			files = (
			);
			runOnlyForDeploymentPostprocessing = 0;
		};
/* End PBXResourcesBuildPhase section */

/* Begin PBXSourcesBuildPhase section */
		2E244A671AD3CC3E00C11BDD /* Sources */ = {
			isa = PBXSourcesBuildPhase;
			buildActionMask = 2147483647;
			files = (
				2E29EBCA1AD3CCE2000FFBEB /* BKStream.m in Sources */,
				2E244A701AD3CC3E00C11BDD /* BKStreamIOS.m in Sources */,
				2E5FAC9D1AD4D43400E3C771 /* BKStreamUtils.m in Sources */,
			);
			runOnlyForDeploymentPostprocessing = 0;
		};
		2E29EBD61AD4D2BE000FFBEB /* Sources */ = {
			isa = PBXSourcesBuildPhase;
			buildActionMask = 2147483647;
			files = (
				2E5FACA11AD4D50000E3C771 /* BKStreamUtilsTests.m in Sources */,
				2E29EBE31AD4D2FA000FFBEB /* BKStream.m in Sources */,
				2E5FAC9F1AD4D43400E3C771 /* BKStreamUtils.m in Sources */,
				2E29EBDF1AD4D2BE000FFBEB /* BKStreamTests.m in Sources */,
			);
			runOnlyForDeploymentPostprocessing = 0;
		};
		2EFC6A9C1AD3CCAE00F0FA8E /* Sources */ = {
			isa = PBXSourcesBuildPhase;
			buildActionMask = 2147483647;
			files = (
				2E29EBC91AD3CCE1000FFBEB /* BKStream.m in Sources */,
				2EFC6AA51AD3CCAE00F0FA8E /* BKStreamOSX.m in Sources */,
				2E5FAC9E1AD4D43400E3C771 /* BKStreamUtils.m in Sources */,
			);
			runOnlyForDeploymentPostprocessing = 0;
		};
/* End PBXSourcesBuildPhase section */

/* Begin XCBuildConfiguration section */
		2E244A5F1AD3CBC300C11BDD /* Debug */ = {
			isa = XCBuildConfiguration;
			buildSettings = {
				ALWAYS_SEARCH_USER_PATHS = NO;
				CLANG_CXX_LANGUAGE_STANDARD = "gnu++0x";
				CLANG_CXX_LIBRARY = "libc++";
				CLANG_ENABLE_MODULES = YES;
				CLANG_ENABLE_OBJC_ARC = YES;
				CLANG_WARN_BOOL_CONVERSION = YES;
				CLANG_WARN_CONSTANT_CONVERSION = YES;
				CLANG_WARN_DIRECT_OBJC_ISA_USAGE = YES_ERROR;
				CLANG_WARN_EMPTY_BODY = YES;
				CLANG_WARN_ENUM_CONVERSION = YES;
				CLANG_WARN_INT_CONVERSION = YES;
				CLANG_WARN_OBJC_ROOT_CLASS = YES_ERROR;
				CLANG_WARN_UNREACHABLE_CODE = YES;
				CLANG_WARN__DUPLICATE_METHOD_MATCH = YES;
				COPY_PHASE_STRIP = NO;
				ENABLE_STRICT_OBJC_MSGSEND = YES;
				GCC_C_LANGUAGE_STANDARD = gnu99;
				GCC_DYNAMIC_NO_PIC = NO;
				GCC_OPTIMIZATION_LEVEL = 0;
				GCC_PREPROCESSOR_DEFINITIONS = (
					"DEBUG=1",
					"$(inherited)",
				);
				GCC_SYMBOLS_PRIVATE_EXTERN = NO;
				GCC_WARN_64_TO_32_BIT_CONVERSION = YES;
				GCC_WARN_ABOUT_RETURN_TYPE = YES_ERROR;
				GCC_WARN_UNDECLARED_SELECTOR = YES;
				GCC_WARN_UNINITIALIZED_AUTOS = YES_AGGRESSIVE;
				GCC_WARN_UNUSED_FUNCTION = YES;
				GCC_WARN_UNUSED_VARIABLE = YES;
				MACOSX_DEPLOYMENT_TARGET = 10.10;
				MTL_ENABLE_DEBUG_INFO = YES;
				ONLY_ACTIVE_ARCH = YES;
				SDKROOT = macosx;
			};
			name = Debug;
		};
		2E244A601AD3CBC300C11BDD /* Release */ = {
			isa = XCBuildConfiguration;
			buildSettings = {
				ALWAYS_SEARCH_USER_PATHS = NO;
				CLANG_CXX_LANGUAGE_STANDARD = "gnu++0x";
				CLANG_CXX_LIBRARY = "libc++";
				CLANG_ENABLE_MODULES = YES;
				CLANG_ENABLE_OBJC_ARC = YES;
				CLANG_WARN_BOOL_CONVERSION = YES;
				CLANG_WARN_CONSTANT_CONVERSION = YES;
				CLANG_WARN_DIRECT_OBJC_ISA_USAGE = YES_ERROR;
				CLANG_WARN_EMPTY_BODY = YES;
				CLANG_WARN_ENUM_CONVERSION = YES;
				CLANG_WARN_INT_CONVERSION = YES;
				CLANG_WARN_OBJC_ROOT_CLASS = YES_ERROR;
				CLANG_WARN_UNREACHABLE_CODE = YES;
				CLANG_WARN__DUPLICATE_METHOD_MATCH = YES;
				COPY_PHASE_STRIP = NO;
				DEBUG_INFORMATION_FORMAT = "dwarf-with-dsym";
				ENABLE_NS_ASSERTIONS = NO;
				ENABLE_STRICT_OBJC_MSGSEND = YES;
				GCC_C_LANGUAGE_STANDARD = gnu99;
				GCC_WARN_64_TO_32_BIT_CONVERSION = YES;
				GCC_WARN_ABOUT_RETURN_TYPE = YES_ERROR;
				GCC_WARN_UNDECLARED_SELECTOR = YES;
				GCC_WARN_UNINITIALIZED_AUTOS = YES_AGGRESSIVE;
				GCC_WARN_UNUSED_FUNCTION = YES;
				GCC_WARN_UNUSED_VARIABLE = YES;
				MACOSX_DEPLOYMENT_TARGET = 10.10;
				MTL_ENABLE_DEBUG_INFO = NO;
				SDKROOT = macosx;
			};
			name = Release;
		};
		2E244A7D1AD3CC3E00C11BDD /* Debug */ = {
			isa = XCBuildConfiguration;
			buildSettings = {
				CLANG_ENABLE_OBJC_ARC = NO;
				GCC_PREPROCESSOR_DEFINITIONS = (
					"DEBUG=1",
					"$(inherited)",
				);
				IPHONEOS_DEPLOYMENT_TARGET = 8.2;
				OTHER_LDFLAGS = "-ObjC";
				PRODUCT_NAME = "$(TARGET_NAME)";
				SDKROOT = iphoneos;
				SKIP_INSTALL = YES;
			};
			name = Debug;
		};
		2E244A7E1AD3CC3E00C11BDD /* Release */ = {
			isa = XCBuildConfiguration;
			buildSettings = {
				CLANG_ENABLE_OBJC_ARC = NO;
				IPHONEOS_DEPLOYMENT_TARGET = 8.2;
				OTHER_LDFLAGS = "-ObjC";
				PRODUCT_NAME = "$(TARGET_NAME)";
				SDKROOT = iphoneos;
				SKIP_INSTALL = YES;
				VALIDATE_PRODUCT = YES;
			};
			name = Release;
		};
		2E29EBE11AD4D2BE000FFBEB /* Debug */ = {
			isa = XCBuildConfiguration;
			buildSettings = {
				CLANG_ENABLE_OBJC_ARC = NO;
				COMBINE_HIDPI_IMAGES = YES;
				FRAMEWORK_SEARCH_PATHS = (
					"$(DEVELOPER_FRAMEWORKS_DIR)",
					"$(inherited)",
				);
				GCC_PREPROCESSOR_DEFINITIONS = (
					"DEBUG=1",
					"$(inherited)",
				);
				INFOPLIST_FILE = BKStreamTests/Info.plist;
				LD_RUNPATH_SEARCH_PATHS = "$(inherited) @executable_path/../Frameworks @loader_path/../Frameworks";
				PRODUCT_NAME = "$(TARGET_NAME)";
			};
			name = Debug;
		};
		2E29EBE21AD4D2BE000FFBEB /* Release */ = {
			isa = XCBuildConfiguration;
			buildSettings = {
				CLANG_ENABLE_OBJC_ARC = NO;
				COMBINE_HIDPI_IMAGES = YES;
				FRAMEWORK_SEARCH_PATHS = (
					"$(DEVELOPER_FRAMEWORKS_DIR)",
					"$(inherited)",
				);
				INFOPLIST_FILE = BKStreamTests/Info.plist;
				LD_RUNPATH_SEARCH_PATHS = "$(inherited) @executable_path/../Frameworks @loader_path/../Frameworks";
				PRODUCT_NAME = "$(TARGET_NAME)";
			};
			name = Release;
		};
		2EFC6AB21AD3CCAE00F0FA8E /* Debug */ = {
			isa = XCBuildConfiguration;
			buildSettings = {
				CLANG_ENABLE_OBJC_ARC = NO;
				EXECUTABLE_PREFIX = lib;
				GCC_PREPROCESSOR_DEFINITIONS = (
					"DEBUG=1",
					"$(inherited)",
				);
				PRODUCT_NAME = "$(TARGET_NAME)";
			};
			name = Debug;
		};
		2EFC6AB31AD3CCAE00F0FA8E /* Release */ = {
			isa = XCBuildConfiguration;
			buildSettings = {
				CLANG_ENABLE_OBJC_ARC = NO;
				EXECUTABLE_PREFIX = lib;
				PRODUCT_NAME = "$(TARGET_NAME)";
			};
			name = Release;
		};
/* End XCBuildConfiguration section */

/* Begin XCConfigurationList section */
		2E244A481AD3CBC300C11BDD /* Build configuration list for PBXProject "BKStream" */ = {
			isa = XCConfigurationList;
			buildConfigurations = (
				2E244A5F1AD3CBC300C11BDD /* Debug */,
				2E244A601AD3CBC300C11BDD /* Release */,
			);
			defaultConfigurationIsVisible = 0;
			defaultConfigurationName = Release;
		};
		2E244A7C1AD3CC3E00C11BDD /* Build configuration list for PBXNativeTarget "BKStreamIOS" */ = {
			isa = XCConfigurationList;
			buildConfigurations = (
				2E244A7D1AD3CC3E00C11BDD /* Debug */,
				2E244A7E1AD3CC3E00C11BDD /* Release */,
			);
			defaultConfigurationIsVisible = 0;
			defaultConfigurationName = Release;
		};
		2E29EBE01AD4D2BE000FFBEB /* Build configuration list for PBXNativeTarget "BKStreamTests" */ = {
			isa = XCConfigurationList;
			buildConfigurations = (
				2E29EBE11AD4D2BE000FFBEB /* Debug */,
				2E29EBE21AD4D2BE000FFBEB /* Release */,
			);
			defaultConfigurationIsVisible = 0;
			defaultConfigurationName = Release;
		};
		2EFC6AB11AD3CCAE00F0FA8E /* Build configuration list for PBXNativeTarget "BKStreamOSX" */ = {
			isa = XCConfigurationList;
			buildConfigurations = (
				2EFC6AB21AD3CCAE00F0FA8E /* Debug */,
				2EFC6AB31AD3CCAE00F0FA8E /* Release */,
			);
			defaultConfigurationIsVisible = 0;
			defaultConfigurationName = Release;
		};
/* End XCConfigurationList section */
	};
	rootObject = 2E244A451AD3CBC300C11BDD /* Project object */;
}
